
Microsoft Visual Studio Solution File, Format Version 12.00
# Visual Studio Version 16
VisualStudioVersion = 16.0.31613.86
MinimumVisualStudioVersion = 10.0.40219.1
Project("{FAE04EC0-301F-11D3-BF4B-00C04F79EFBC}") = "ReflectionTest", "ReflectionTest\ReflectionTest.csproj", "{25A075F1-FBD4-4D40-87DD-D278E88C2555}"
EndProject
Global
	GlobalSection(SolutionConfigurationPlatforms) = preSolution
		Debug|Any CPU = Debug|Any CPU
		Release|Any CPU = Release|Any CPU
	EndGlobalSection
	GlobalSection(ProjectConfigurationPlatforms) = postSolution
		{25A075F1-FBD4-4D40-87DD-D278E88C2555}.Debug|Any CPU.ActiveCfg = Debug|Any CPU
		{25A075F1-FBD4-4D40-87DD-D278E88C2555}.Debug|Any CPU.Build.0 = Debug|Any CPU
		{25A075F1-FBD4-4D40-87DD-D278E88C2555}.Release|Any CPU.ActiveCfg = Release|Any CPU
		{25A075F1-FBD4-4D40-87DD-D278E88C2555}.Release|Any CPU.Build.0 = Release|Any CPU
	EndGlobalSection
	GlobalSection(SolutionProperties) = preSolution
		HideSolutionNode = FALSE
	EndGlobalSection
	GlobalSection(ExtensibilityGlobals) = postSolution
		SolutionGuid = {E53080A2-306D-4E30-81B2-F9D517B2E0D1}
	EndGlobalSection
EndGlobal
